{
  "name": "boticord.js",
  "version": "1.0.1",
  "lockfileVersion": 2,
  "requires": true,
  "packages": {
    "": {
      "name": "boticord.js",
      "version": "1.0.1",
      "license": "MIT",
      "dependencies": {
        "node-fetch": "^2.6.1",
        "socket.io-client": "^3.0.1"
      },
      "devDependencies": {
        "@types/node-fetch": "^2.5.12",
        "discord.js": "^13.1.0",
        "discordoo": "^0.7.3-b",
        "eris": "^0.15.1",
        "typescript": "^4.1.3"
      }
    },
    "node_modules/@discordjs/builders": {
      "version": "0.5.0",
      "resolved": "https://registry.npmjs.org/@discordjs/builders/-/builders-0.5.0.tgz",
      "integrity": "sha512-HP5y4Rqw68o61Qv4qM5tVmDbWi4mdTFftqIOGRo33SNPpLJ1Ga3KEIR2ibKofkmsoQhEpLmopD1AZDs3cKpHuw==",
      "dev": true,
      "dependencies": {
        "@sindresorhus/is": "^4.0.1",
        "discord-api-types": "^0.22.0",
        "ow": "^0.27.0",
        "ts-mixer": "^6.0.0",
        "tslib": "^2.3.0"
      },
      "engines": {
        "node": ">=14.0.0",
        "npm": ">=7.0.0"
      }
    },
    "node_modules/@discordjs/builders/node_modules/discord-api-types": {
      "version": "0.22.0",
      "resolved": "https://registry.npmjs.org/discord-api-types/-/discord-api-types-0.22.0.tgz",
      "integrity": "sha512-l8yD/2zRbZItUQpy7ZxBJwaLX/Bs2TGaCthRppk8Sw24LOIWg12t9JEreezPoYD0SQcC2htNNo27kYEpYW/Srg==",
      "dev": true,
      "engines": {
        "node": ">=12"
      }
    },
    "node_modules/@discordjs/collection": {
      "version": "0.2.1",
      "resolved": "https://registry.npmjs.org/@discordjs/collection/-/collection-0.2.1.tgz",
      "integrity": "sha512-vhxqzzM8gkomw0TYRF3tgx7SwElzUlXT/Aa41O7mOcyN6wIJfj5JmDWaO5XGKsGSsNx7F3i5oIlrucCCWV1Nog==",
      "dev": true,
      "engines": {
        "node": ">=14.0.0"
      }
    },
    "node_modules/@discordjs/form-data": {
      "version": "3.0.1",
      "resolved": "https://registry.npmjs.org/@discordjs/form-data/-/form-data-3.0.1.tgz",
      "integrity": "sha512-ZfFsbgEXW71Rw/6EtBdrP5VxBJy4dthyC0tpQKGKmYFImlmmrykO14Za+BiIVduwjte0jXEBlhSKf0MWbFp9Eg==",
      "dev": true,
      "dependencies": {
        "asynckit": "^0.4.0",
        "combined-stream": "^1.0.8",
        "mime-types": "^2.1.12"
      },
      "engines": {
        "node": ">= 6"
      }
    },
    "node_modules/@discordoo/collection": {
      "version": "1.0.11",
      "resolved": "https://registry.npmjs.org/@discordoo/collection/-/collection-1.0.11.tgz",
      "integrity": "sha512-9xGEIqdVBRI27hbm3vZMeZUY9jbmiRzBJqmZCyOwhuvQeMblMMR0vt4Y0Y9J/GAkRnsxpxZjO1ry8BlskaNJHA==",
      "dev": true,
      "engines": {
        "node": ">=12.0.0"
      }
    },
    "node_modules/@sapphire/async-queue": {
      "version": "1.1.4",
      "resolved": "https://registry.npmjs.org/@sapphire/async-queue/-/async-queue-1.1.4.tgz",
      "integrity": "sha512-fFrlF/uWpGOX5djw5Mu2Hnnrunao75WGey0sP0J3jnhmrJ5TAPzHYOmytD5iN/+pMxS+f+u/gezqHa9tPhRHEA==",
      "dev": true,
      "engines": {
        "node": ">=14",
        "npm": ">=6"
      }
    },
    "node_modules/@sindresorhus/is": {
      "version": "4.0.1",
      "resolved": "https://registry.npmjs.org/@sindresorhus/is/-/is-4.0.1.tgz",
      "integrity": "sha512-Qm9hBEBu18wt1PO2flE7LPb30BHMQt1eQgbV76YntdNk73XZGpn3izvGTYxbGgzXKgbCjiia0uxTd3aTNQrY/g==",
      "dev": true,
      "engines": {
        "node": ">=10"
      },
      "funding": {
        "url": "https://github.com/sindresorhus/is?sponsor=1"
      }
    },
    "node_modules/@types/component-emitter": {
      "version": "1.2.10",
      "resolved": "https://registry.npmjs.org/@types/component-emitter/-/component-emitter-1.2.10.tgz",
      "integrity": "sha512-bsjleuRKWmGqajMerkzox19aGbscQX5rmmvvXl3wlIp5gMG1HgkiwPxsN5p070fBDKTNSPgojVbuY1+HWMbFhg=="
    },
    "node_modules/@types/node": {
      "version": "16.7.6",
      "resolved": "https://registry.npmjs.org/@types/node/-/node-16.7.6.tgz",
      "integrity": "sha512-VESVNFoa/ahYA62xnLBjo5ur6gPsgEE5cNRy8SrdnkZ2nwJSW0kJ4ufbFr2zuU9ALtHM8juY53VcRoTA7htXSg==",
      "dev": true
    },
    "node_modules/@types/node-fetch": {
      "version": "2.5.12",
      "resolved": "https://registry.npmjs.org/@types/node-fetch/-/node-fetch-2.5.12.tgz",
      "integrity": "sha512-MKgC4dlq4kKNa/mYrwpKfzQMB5X3ee5U6fSprkKpToBqBmX4nFZL9cW5jl6sWn+xpRJ7ypWh2yyqqr8UUCstSw==",
      "dev": true,
      "dependencies": {
        "@types/node": "*",
        "form-data": "^3.0.0"
      }
    },
    "node_modules/@types/ws": {
      "version": "7.4.7",
      "resolved": "https://registry.npmjs.org/@types/ws/-/ws-7.4.7.tgz",
      "integrity": "sha512-JQbbmxZTZehdc2iszGKs5oC3NFnjeay7mtAWrdt7qNtAVK0g19muApzAy4bm9byz79xa2ZnO/BOBC2R8RC5Lww==",
      "dev": true,
      "dependencies": {
        "@types/node": "*"
      }
    },
    "node_modules/asynckit": {
      "version": "0.4.0",
      "resolved": "https://registry.npmjs.org/asynckit/-/asynckit-0.4.0.tgz",
      "integrity": "sha1-x57Zf380y48robyXkLzDZkdLS3k=",
      "dev": true
    },
    "node_modules/backo2": {
      "version": "1.0.2",
      "resolved": "https://registry.npmjs.org/backo2/-/backo2-1.0.2.tgz",
      "integrity": "sha1-MasayLEpNjRj41s+u2n038+6eUc="
    },
    "node_modules/base64-arraybuffer": {
      "version": "0.1.4",
      "resolved": "https://registry.npmjs.org/base64-arraybuffer/-/base64-arraybuffer-0.1.4.tgz",
      "integrity": "sha1-mBjHngWbE1X5fgQooBfIOOkLqBI=",
      "engines": {
        "node": ">= 0.6.0"
      }
    },
    "node_modules/callsites": {
      "version": "3.1.0",
      "resolved": "https://registry.npmjs.org/callsites/-/callsites-3.1.0.tgz",
      "integrity": "sha512-P8BjAsXvZS+VIDUI11hHCQEv74YT67YUi5JJFNWIqL235sBmjX4+qx9Muvls5ivyNENctx46xQLQ3aTuE7ssaQ==",
      "dev": true,
      "engines": {
        "node": ">=6"
      }
    },
    "node_modules/combined-stream": {
      "version": "1.0.8",
      "resolved": "https://registry.npmjs.org/combined-stream/-/combined-stream-1.0.8.tgz",
      "integrity": "sha512-FQN4MRfuJeHf7cBbBMJFXhKSDq+2kAArBlmRBvcvFE5BB1HZKXtSFASDhdlz9zOYwxh8lDdnvmMOe/+5cdoEdg==",
      "dev": true,
      "dependencies": {
        "delayed-stream": "~1.0.0"
      },
      "engines": {
        "node": ">= 0.8"
      }
    },
    "node_modules/component-emitter": {
      "version": "1.3.0",
      "resolved": "https://registry.npmjs.org/component-emitter/-/component-emitter-1.3.0.tgz",
      "integrity": "sha512-Rd3se6QB+sO1TwqZjscQrurpEPIfO0/yYnSin6Q/rD3mOutHvUrCAhJub3r90uNb+SESBuE0QYoB90YdfatsRg=="
    },
    "node_modules/debug": {
      "version": "4.3.2",
      "resolved": "https://registry.npmjs.org/debug/-/debug-4.3.2.tgz",
      "integrity": "sha512-mOp8wKcvj7XxC78zLgw/ZA+6TSgkoE2C/ienthhRD298T7UNwAg9diBpLRxC0mOezLl4B0xV7M0cCO6P/O0Xhw==",
      "dependencies": {
        "ms": "2.1.2"
      },
      "engines": {
        "node": ">=6.0"
      },
      "peerDependenciesMeta": {
        "supports-color": {
          "optional": true
        }
      }
    },
    "node_modules/delayed-stream": {
      "version": "1.0.0",
      "resolved": "https://registry.npmjs.org/delayed-stream/-/delayed-stream-1.0.0.tgz",
      "integrity": "sha1-3zrhmayt+31ECqrgsp4icrJOxhk=",
      "dev": true,
      "engines": {
        "node": ">=0.4.0"
      }
    },
    "node_modules/discord-api-types": {
      "version": "0.20.2",
      "resolved": "https://registry.npmjs.org/discord-api-types/-/discord-api-types-0.20.2.tgz",
      "integrity": "sha512-DxjFGuiJ4q5oozYcw/KqAC9dUdGu5f8JIYee073/RMkXSKTYtx2Y7n7ha9FQO7alDfVUxElzdTuWt5ByzB+QKQ==",
      "dev": true,
      "engines": {
        "node": ">=12"
      }
    },
    "node_modules/discord.js": {
      "version": "13.1.0",
      "resolved": "https://registry.npmjs.org/discord.js/-/discord.js-13.1.0.tgz",
      "integrity": "sha512-gxO4CXKdHpqA+WKG+f5RNnd3srTDj5uFJHgOathksDE90YNq/Qijkd2WlMgTTMS6AJoEnHxI7G9eDQHCuZ+xDA==",
      "dev": true,
      "dependencies": {
        "@discordjs/builders": "^0.5.0",
        "@discordjs/collection": "^0.2.1",
        "@discordjs/form-data": "^3.0.1",
        "@sapphire/async-queue": "^1.1.4",
        "@types/ws": "^7.4.7",
        "discord-api-types": "^0.22.0",
        "node-fetch": "^2.6.1",
        "ws": "^7.5.1"
      },
      "engines": {
        "node": ">=16.6.0",
        "npm": ">=7.0.0"
      }
    },
    "node_modules/discord.js/node_modules/discord-api-types": {
      "version": "0.22.0",
      "resolved": "https://registry.npmjs.org/discord-api-types/-/discord-api-types-0.22.0.tgz",
      "integrity": "sha512-l8yD/2zRbZItUQpy7ZxBJwaLX/Bs2TGaCthRppk8Sw24LOIWg12t9JEreezPoYD0SQcC2htNNo27kYEpYW/Srg==",
      "dev": true,
      "engines": {
        "node": ">=12"
      }
    },
    "node_modules/discord.js/node_modules/ws": {
      "version": "7.5.4",
      "resolved": "https://registry.npmjs.org/ws/-/ws-7.5.4.tgz",
      "integrity": "sha512-zP9z6GXm6zC27YtspwH99T3qTG7bBFv2VIkeHstMLrLlDJuzA7tQ5ls3OJ1hOGGCzTQPniNJoHXIAOS0Jljohg==",
      "dev": true,
      "engines": {
        "node": ">=8.3.0"
      },
      "peerDependencies": {
        "bufferutil": "^4.0.1",
        "utf-8-validate": "^5.0.2"
      },
      "peerDependenciesMeta": {
        "bufferutil": {
          "optional": true
        },
        "utf-8-validate": {
          "optional": true
        }
      }
    },
    "node_modules/discordoo": {
      "version": "0.7.3-b",
      "resolved": "https://registry.npmjs.org/discordoo/-/discordoo-0.7.3-b.tgz",
      "integrity": "sha512-0WKugrTAYMS4AdtWrtKfsZ+AuMGV/HEZHf7pW0dshimLn+SB0aclT4pSluTrRY7A4MbonrjjTAaX/XeXdlyQMw==",
      "dev": true,
      "dependencies": {
        "@discordoo/collection": "^1.0.10",
        "discord-api-types": "^0.20.2",
        "node-ipc": "^9.1.4",
        "tiny-typed-emitter": "2.0.3",
        "tslib": "^2.3.0",
        "undici": "^4.3.1",
        "ws": "^7.4.5"
      },
      "engines": {
        "node": ">=12.18"
      }
    },
    "node_modules/dot-prop": {
      "version": "6.0.1",
      "resolved": "https://registry.npmjs.org/dot-prop/-/dot-prop-6.0.1.tgz",
      "integrity": "sha512-tE7ztYzXHIeyvc7N+hR3oi7FIbf/NIjVP9hmAt3yMXzrQ072/fpjGLx2GxNxGxUl5V73MEqYzioOMoVhGMJ5cA==",
      "dev": true,
      "dependencies": {
        "is-obj": "^2.0.0"
      },
      "engines": {
        "node": ">=10"
      },
      "funding": {
        "url": "https://github.com/sponsors/sindresorhus"
      }
    },
    "node_modules/easy-stack": {
      "version": "1.0.1",
      "resolved": "https://registry.npmjs.org/easy-stack/-/easy-stack-1.0.1.tgz",
      "integrity": "sha512-wK2sCs4feiiJeFXn3zvY0p41mdU5VUgbgs1rNsc/y5ngFUijdWd+iIN8eoyuZHKB8xN6BL4PdWmzqFmxNg6V2w==",
      "dev": true,
      "engines": {
        "node": ">=6.0.0"
      }
    },
    "node_modules/engine.io-client": {
      "version": "4.1.4",
      "resolved": "https://registry.npmjs.org/engine.io-client/-/engine.io-client-4.1.4.tgz",
      "integrity": "sha512-843fqAdKeUMFqKi1sSjnR11tJ4wi8sIefu6+JC1OzkkJBmjtc/gM/rZ53tJfu5Iae/3gApm5veoS+v+gtT0+Fg==",
      "dependencies": {
        "base64-arraybuffer": "0.1.4",
        "component-emitter": "~1.3.0",
        "debug": "~4.3.1",
        "engine.io-parser": "~4.0.1",
        "has-cors": "1.1.0",
        "parseqs": "0.0.6",
        "parseuri": "0.0.6",
        "ws": "~7.4.2",
        "xmlhttprequest-ssl": "~1.6.2",
        "yeast": "0.1.2"
      }
    },
    "node_modules/engine.io-parser": {
      "version": "4.0.2",
      "resolved": "https://registry.npmjs.org/engine.io-parser/-/engine.io-parser-4.0.2.tgz",
      "integrity": "sha512-sHfEQv6nmtJrq6TKuIz5kyEKH/qSdK56H/A+7DnAuUPWosnIZAS2NHNcPLmyjtY3cGS/MqJdZbUjW97JU72iYg==",
      "dependencies": {
        "base64-arraybuffer": "0.1.4"
      },
      "engines": {
        "node": ">=8.0.0"
      }
    },
    "node_modules/eris": {
      "version": "0.15.1",
      "resolved": "https://registry.npmjs.org/eris/-/eris-0.15.1.tgz",
      "integrity": "sha512-IQ3BPW6OjgFoqjdh+irPOa1jFlkotk+WNu2GQQ7QAQfbzQEPZgn+F+hpOxfMUXPHOZMX4sPKLkVDkMHAssBYhw==",
      "dev": true,
      "dependencies": {
        "ws": "^7.2.1"
      },
      "engines": {
        "node": ">=10.4.0"
      },
      "optionalDependencies": {
        "opusscript": "^0.0.8",
        "tweetnacl": "^1.0.1"
      }
    },
    "node_modules/event-pubsub": {
      "version": "4.3.0",
      "resolved": "https://registry.npmjs.org/event-pubsub/-/event-pubsub-4.3.0.tgz",
      "integrity": "sha512-z7IyloorXvKbFx9Bpie2+vMJKKx1fH1EN5yiTfp8CiLOTptSYy1g8H4yDpGlEdshL1PBiFtBHepF2cNsqeEeFQ==",
      "dev": true,
      "engines": {
        "node": ">=4.0.0"
      }
    },
    "node_modules/form-data": {
      "version": "3.0.1",
      "resolved": "https://registry.npmjs.org/form-data/-/form-data-3.0.1.tgz",
      "integrity": "sha512-RHkBKtLWUVwd7SqRIvCZMEvAMoGUp0XU+seQiZejj0COz3RI3hWP4sCv3gZWWLjJTd7rGwcsF5eKZGii0r/hbg==",
      "dev": true,
      "dependencies": {
        "asynckit": "^0.4.0",
        "combined-stream": "^1.0.8",
        "mime-types": "^2.1.12"
      },
      "engines": {
        "node": ">= 6"
      }
    },
    "node_modules/has-cors": {
      "version": "1.1.0",
      "resolved": "https://registry.npmjs.org/has-cors/-/has-cors-1.1.0.tgz",
      "integrity": "sha1-XkdHk/fqmEPRu5nCPu9J/xJv/zk="
    },
    "node_modules/is-obj": {
      "version": "2.0.0",
      "resolved": "https://registry.npmjs.org/is-obj/-/is-obj-2.0.0.tgz",
      "integrity": "sha512-drqDG3cbczxxEJRoOXcOjtdp1J/lyp1mNn0xaznRs8+muBhgQcrnbspox5X5fOw0HnMnbfDzvnEMEtqDEJEo8w==",
      "dev": true,
      "engines": {
        "node": ">=8"
      }
    },
    "node_modules/js-message": {
      "version": "1.0.7",
      "resolved": "https://registry.npmjs.org/js-message/-/js-message-1.0.7.tgz",
      "integrity": "sha512-efJLHhLjIyKRewNS9EGZ4UpI8NguuL6fKkhRxVuMmrGV2xN/0APGdQYwLFky5w9naebSZ0OwAGp0G6/2Cg90rA==",
      "dev": true,
      "engines": {
        "node": ">=0.6.0"
      }
    },
    "node_modules/js-queue": {
      "version": "2.0.2",
      "resolved": "https://registry.npmjs.org/js-queue/-/js-queue-2.0.2.tgz",
      "integrity": "sha512-pbKLsbCfi7kriM3s1J4DDCo7jQkI58zPLHi0heXPzPlj0hjUsm+FesPUbE0DSbIVIK503A36aUBoCN7eMFedkA==",
      "dev": true,
      "dependencies": {
        "easy-stack": "^1.0.1"
      },
      "engines": {
        "node": ">=1.0.0"
      }
    },
    "node_modules/lodash.isequal": {
      "version": "4.5.0",
      "resolved": "https://registry.npmjs.org/lodash.isequal/-/lodash.isequal-4.5.0.tgz",
      "integrity": "sha1-QVxEePK8wwEgwizhDtMib30+GOA=",
      "dev": true
    },
    "node_modules/mime-db": {
      "version": "1.49.0",
      "resolved": "https://registry.npmjs.org/mime-db/-/mime-db-1.49.0.tgz",
      "integrity": "sha512-CIc8j9URtOVApSFCQIF+VBkX1RwXp/oMMOrqdyXSBXq5RWNEsRfyj1kiRnQgmNXmHxPoFIxOroKA3zcU9P+nAA==",
      "dev": true,
      "engines": {
        "node": ">= 0.6"
      }
    },
    "node_modules/mime-types": {
      "version": "2.1.32",
      "resolved": "https://registry.npmjs.org/mime-types/-/mime-types-2.1.32.tgz",
      "integrity": "sha512-hJGaVS4G4c9TSMYh2n6SQAGrC4RnfU+daP8G7cSCmaqNjiOoUY0VHCMS42pxnQmVF1GWwFhbHWn3RIxCqTmZ9A==",
      "dev": true,
      "dependencies": {
        "mime-db": "1.49.0"
      },
      "engines": {
        "node": ">= 0.6"
      }
    },
    "node_modules/ms": {
      "version": "2.1.2",
      "resolved": "https://registry.npmjs.org/ms/-/ms-2.1.2.tgz",
      "integrity": "sha512-sGkPx+VjMtmA6MX27oA4FBFELFCZZ4S4XqeGOXCv68tT+jb3vk/RyaKWP0PTKyWtmLSM0b+adUTEvbs1PEaH2w=="
    },
    "node_modules/node-fetch": {
      "version": "2.6.1",
      "resolved": "https://registry.npmjs.org/node-fetch/-/node-fetch-2.6.1.tgz",
      "integrity": "sha512-V4aYg89jEoVRxRb2fJdAg8FHvI7cEyYdVAh94HH0UIK8oJxUfkjlDQN9RbMx+bEjP7+ggMiFRprSti032Oipxw==",
      "engines": {
        "node": "4.x || >=6.0.0"
      }
    },
    "node_modules/node-ipc": {
      "version": "9.2.1",
      "resolved": "https://registry.npmjs.org/node-ipc/-/node-ipc-9.2.1.tgz",
      "integrity": "sha512-mJzaM6O3xHf9VT8BULvJSbdVbmHUKRNOH7zDDkCrA1/T+CVjq2WVIDfLt0azZRXpgArJtl3rtmEozrbXPZ9GaQ==",
      "dev": true,
      "dependencies": {
        "event-pubsub": "4.3.0",
        "js-message": "1.0.7",
        "js-queue": "2.0.2"
      },
      "engines": {
        "node": ">=8.0.0"
      }
    },
    "node_modules/opusscript": {
      "version": "0.0.8",
      "resolved": "https://registry.npmjs.org/opusscript/-/opusscript-0.0.8.tgz",
      "integrity": "sha512-VSTi1aWFuCkRCVq+tx/BQ5q9fMnQ9pVZ3JU4UHKqTkf0ED3fKEPdr+gKAAl3IA2hj9rrP6iyq3hlcJq3HELtNQ==",
      "dev": true,
      "optional": true
    },
    "node_modules/ow": {
      "version": "0.27.0",
      "resolved": "https://registry.npmjs.org/ow/-/ow-0.27.0.tgz",
      "integrity": "sha512-SGnrGUbhn4VaUGdU0EJLMwZWSupPmF46hnTRII7aCLCrqixTAC5eKo8kI4/XXf1eaaI8YEVT+3FeGNJI9himAQ==",
      "dev": true,
      "dependencies": {
        "@sindresorhus/is": "^4.0.1",
        "callsites": "^3.1.0",
        "dot-prop": "^6.0.1",
        "lodash.isequal": "^4.5.0",
        "type-fest": "^1.2.1",
        "vali-date": "^1.0.0"
      },
      "engines": {
        "node": ">=12"
      },
      "funding": {
        "url": "https://github.com/sponsors/sindresorhus"
      }
    },
    "node_modules/parseqs": {
      "version": "0.0.6",
      "resolved": "https://registry.npmjs.org/parseqs/-/parseqs-0.0.6.tgz",
      "integrity": "sha512-jeAGzMDbfSHHA091hr0r31eYfTig+29g3GKKE/PPbEQ65X0lmMwlEoqmhzu0iztID5uJpZsFlUPDP8ThPL7M8w=="
    },
    "node_modules/parseuri": {
      "version": "0.0.6",
      "resolved": "https://registry.npmjs.org/parseuri/-/parseuri-0.0.6.tgz",
      "integrity": "sha512-AUjen8sAkGgao7UyCX6Ahv0gIK2fABKmYjvP4xmy5JaKvcbTRueIqIPHLAfq30xJddqSE033IOMUSOMCcK3Sow=="
    },
    "node_modules/socket.io-client": {
      "version": "3.1.3",
      "resolved": "https://registry.npmjs.org/socket.io-client/-/socket.io-client-3.1.3.tgz",
      "integrity": "sha512-4sIGOGOmCg3AOgGi7EEr6ZkTZRkrXwub70bBB/F0JSkMOUFpA77WsL87o34DffQQ31PkbMUIadGOk+3tx1KGbw==",
      "dependencies": {
        "@types/component-emitter": "^1.2.10",
        "backo2": "~1.0.2",
        "component-emitter": "~1.3.0",
        "debug": "~4.3.1",
        "engine.io-client": "~4.1.0",
        "parseuri": "0.0.6",
        "socket.io-parser": "~4.0.4"
      },
      "engines": {
        "node": ">=10.0.0"
      }
    },
    "node_modules/socket.io-parser": {
      "version": "4.0.4",
      "resolved": "https://registry.npmjs.org/socket.io-parser/-/socket.io-parser-4.0.4.tgz",
      "integrity": "sha512-t+b0SS+IxG7Rxzda2EVvyBZbvFPBCjJoyHuE0P//7OAsN23GItzDRdWa6ALxZI/8R5ygK7jAR6t028/z+7295g==",
      "dependencies": {
        "@types/component-emitter": "^1.2.10",
        "component-emitter": "~1.3.0",
        "debug": "~4.3.1"
      },
      "engines": {
        "node": ">=10.0.0"
      }
    },
    "node_modules/tiny-typed-emitter": {
      "version": "2.0.3",
      "resolved": "https://registry.npmjs.org/tiny-typed-emitter/-/tiny-typed-emitter-2.0.3.tgz",
      "integrity": "sha512-MaCqhHlp6EAWN25yqBlajgd4scxxI2eJr7+EgoUAOV9UkMU3us/yp2bEnc2yOvyeDF8TUWuaz3zZCPGTKFJIpA==",
      "dev": true
    },
    "node_modules/ts-mixer": {
      "version": "6.0.0",
      "resolved": "https://registry.npmjs.org/ts-mixer/-/ts-mixer-6.0.0.tgz",
      "integrity": "sha512-nXIb1fvdY5CBSrDIblLn73NW0qRDk5yJ0Sk1qPBF560OdJfQp9jhl+0tzcY09OZ9U+6GpeoI9RjwoIKFIoB9MQ==",
      "dev": true
    },
    "node_modules/tslib": {
      "version": "2.3.1",
      "resolved": "https://registry.npmjs.org/tslib/-/tslib-2.3.1.tgz",
      "integrity": "sha512-77EbyPPpMz+FRFRuAFlWMtmgUWGe9UOG2Z25NqCwiIjRhOf5iKGuzSe5P2w1laq+FkRy4p+PCuVkJSGkzTEKVw==",
      "dev": true
    },
    "node_modules/tweetnacl": {
      "version": "1.0.3",
      "resolved": "https://registry.npmjs.org/tweetnacl/-/tweetnacl-1.0.3.tgz",
      "integrity": "sha512-6rt+RN7aOi1nGMyC4Xa5DdYiukl2UWCbcJft7YhxReBGQD7OAM8Pbxw6YMo4r2diNEA8FEmu32YOn9rhaiE5yw==",
      "dev": true,
      "optional": true
    },
    "node_modules/type-fest": {
      "version": "1.4.0",
      "resolved": "https://registry.npmjs.org/type-fest/-/type-fest-1.4.0.tgz",
      "integrity": "sha512-yGSza74xk0UG8k+pLh5oeoYirvIiWo5t0/o3zHHAO2tRDiZcxWP7fywNlXhqb6/r6sWvwi+RsyQMWhVLe4BVuA==",
      "dev": true,
      "engines": {
        "node": ">=10"
      },
      "funding": {
        "url": "https://github.com/sponsors/sindresorhus"
      }
    },
    "node_modules/typescript": {
      "version": "4.4.2",
      "resolved": "https://registry.npmjs.org/typescript/-/typescript-4.4.2.tgz",
      "integrity": "sha512-gzP+t5W4hdy4c+68bfcv0t400HVJMMd2+H9B7gae1nQlBzCqvrXX+6GL/b3GAgyTH966pzrZ70/fRjwAtZksSQ==",
      "dev": true,
      "bin": {
        "tsc": "bin/tsc",
        "tsserver": "bin/tsserver"
      },
      "engines": {
        "node": ">=4.2.0"
      }
    },
    "node_modules/undici": {
      "version": "4.5.1",
      "resolved": "https://registry.npmjs.org/undici/-/undici-4.5.1.tgz",
      "integrity": "sha512-1Kmphp4SMwVbSauz9xH4gxt0m3sLGs5qRHs/XYgjeO3bNSt6hspDZqMhM8+ETu9ynB5bq9e6mnwcDz+NVCQ3UQ==",
      "dev": true,
      "engines": {
        "node": ">=12.18"
      }
    },
    "node_modules/vali-date": {
      "version": "1.0.0",
      "resolved": "https://registry.npmjs.org/vali-date/-/vali-date-1.0.0.tgz",
      "integrity": "sha1-G5BKWWCfsyjvB4E4Qgk09rhnCaY=",
      "dev": true,
      "engines": {
        "node": ">=0.10.0"
      }
    },
    "node_modules/ws": {
      "version": "7.4.6",
      "resolved": "https://registry.npmjs.org/ws/-/ws-7.4.6.tgz",
      "integrity": "sha512-YmhHDO4MzaDLB+M9ym/mDA5z0naX8j7SIlT8f8z+I0VtzsRbekxEutHSme7NPS2qE8StCYQNUnfWdXta/Yu85A==",
      "engines": {
        "node": ">=8.3.0"
      },
      "peerDependencies": {
        "bufferutil": "^4.0.1",
        "utf-8-validate": "^5.0.2"
      },
      "peerDependenciesMeta": {
        "bufferutil": {
          "optional": true
        },
        "utf-8-validate": {
          "optional": true
        }
      }
    },
    "node_modules/xmlhttprequest-ssl": {
      "version": "1.6.3",
      "resolved": "https://registry.npmjs.org/xmlhttprequest-ssl/-/xmlhttprequest-ssl-1.6.3.tgz",
      "integrity": "sha512-3XfeQE/wNkvrIktn2Kf0869fC0BN6UpydVasGIeSm2B1Llihf7/0UfZM+eCkOw3P7bP4+qPgqhm7ZoxuJtFU0Q==",
      "engines": {
        "node": ">=0.4.0"
      }
    },
    "node_modules/yeast": {
      "version": "0.1.2",
      "resolved": "https://registry.npmjs.org/yeast/-/yeast-0.1.2.tgz",
      "integrity": "sha1-AI4G2AlDIMNy28L47XagymyKxBk="
    }
  },
  "dependencies": {
    "@discordjs/builders": {
      "version": "0.5.0",
      "resolved": "https://registry.npmjs.org/@discordjs/builders/-/builders-0.5.0.tgz",
      "integrity": "sha512-HP5y4Rqw68o61Qv4qM5tVmDbWi4mdTFftqIOGRo33SNPpLJ1Ga3KEIR2ibKofkmsoQhEpLmopD1AZDs3cKpHuw==",
      "dev": true,
      "requires": {
        "@sindresorhus/is": "^4.0.1",
        "discord-api-types": "^0.22.0",
        "ow": "^0.27.0",
        "ts-mixer": "^6.0.0",
        "tslib": "^2.3.0"
      },
      "dependencies": {
        "discord-api-types": {
          "version": "0.22.0",
          "resolved": "https://registry.npmjs.org/discord-api-types/-/discord-api-types-0.22.0.tgz",
          "integrity": "sha512-l8yD/2zRbZItUQpy7ZxBJwaLX/Bs2TGaCthRppk8Sw24LOIWg12t9JEreezPoYD0SQcC2htNNo27kYEpYW/Srg==",
          "dev": true
        }
      }
    },
    "@discordjs/collection": {
      "version": "0.2.1",
      "resolved": "https://registry.npmjs.org/@discordjs/collection/-/collection-0.2.1.tgz",
      "integrity": "sha512-vhxqzzM8gkomw0TYRF3tgx7SwElzUlXT/Aa41O7mOcyN6wIJfj5JmDWaO5XGKsGSsNx7F3i5oIlrucCCWV1Nog==",
      "dev": true
    },
    "@discordjs/form-data": {
      "version": "3.0.1",
      "resolved": "https://registry.npmjs.org/@discordjs/form-data/-/form-data-3.0.1.tgz",
      "integrity": "sha512-ZfFsbgEXW71Rw/6EtBdrP5VxBJy4dthyC0tpQKGKmYFImlmmrykO14Za+BiIVduwjte0jXEBlhSKf0MWbFp9Eg==",
      "dev": true,
      "requires": {
        "asynckit": "^0.4.0",
        "combined-stream": "^1.0.8",
        "mime-types": "^2.1.12"
      }
    },
    "@discordoo/collection": {
      "version": "1.0.11",
      "resolved": "https://registry.npmjs.org/@discordoo/collection/-/collection-1.0.11.tgz",
      "integrity": "sha512-9xGEIqdVBRI27hbm3vZMeZUY9jbmiRzBJqmZCyOwhuvQeMblMMR0vt4Y0Y9J/GAkRnsxpxZjO1ry8BlskaNJHA==",
      "dev": true
    },
    "@sapphire/async-queue": {
      "version": "1.1.4",
      "resolved": "https://registry.npmjs.org/@sapphire/async-queue/-/async-queue-1.1.4.tgz",
      "integrity": "sha512-fFrlF/uWpGOX5djw5Mu2Hnnrunao75WGey0sP0J3jnhmrJ5TAPzHYOmytD5iN/+pMxS+f+u/gezqHa9tPhRHEA==",
      "dev": true
    },
    "@sindresorhus/is": {
      "version": "4.0.1",
      "resolved": "https://registry.npmjs.org/@sindresorhus/is/-/is-4.0.1.tgz",
      "integrity": "sha512-Qm9hBEBu18wt1PO2flE7LPb30BHMQt1eQgbV76YntdNk73XZGpn3izvGTYxbGgzXKgbCjiia0uxTd3aTNQrY/g==",
      "dev": true
    },
    "@types/component-emitter": {
      "version": "1.2.10",
      "resolved": "https://registry.npmjs.org/@types/component-emitter/-/component-emitter-1.2.10.tgz",
      "integrity": "sha512-bsjleuRKWmGqajMerkzox19aGbscQX5rmmvvXl3wlIp5gMG1HgkiwPxsN5p070fBDKTNSPgojVbuY1+HWMbFhg=="
    },
    "@types/node": {
      "version": "16.7.6",
      "resolved": "https://registry.npmjs.org/@types/node/-/node-16.7.6.tgz",
      "integrity": "sha512-VESVNFoa/ahYA62xnLBjo5ur6gPsgEE5cNRy8SrdnkZ2nwJSW0kJ4ufbFr2zuU9ALtHM8juY53VcRoTA7htXSg==",
      "dev": true
    },
    "@types/node-fetch": {
      "version": "2.5.12",
      "resolved": "https://registry.npmjs.org/@types/node-fetch/-/node-fetch-2.5.12.tgz",
      "integrity": "sha512-MKgC4dlq4kKNa/mYrwpKfzQMB5X3ee5U6fSprkKpToBqBmX4nFZL9cW5jl6sWn+xpRJ7ypWh2yyqqr8UUCstSw==",
      "dev": true,
      "requires": {
        "@types/node": "*",
        "form-data": "^3.0.0"
      }
    },
    "@types/ws": {
      "version": "7.4.7",
      "resolved": "https://registry.npmjs.org/@types/ws/-/ws-7.4.7.tgz",
      "integrity": "sha512-JQbbmxZTZehdc2iszGKs5oC3NFnjeay7mtAWrdt7qNtAVK0g19muApzAy4bm9byz79xa2ZnO/BOBC2R8RC5Lww==",
      "dev": true,
      "requires": {
        "@types/node": "*"
      }
    },
    "asynckit": {
      "version": "0.4.0",
      "resolved": "https://registry.npmjs.org/asynckit/-/asynckit-0.4.0.tgz",
      "integrity": "sha1-x57Zf380y48robyXkLzDZkdLS3k=",
      "dev": true
    },
    "backo2": {
      "version": "1.0.2",
      "resolved": "https://registry.npmjs.org/backo2/-/backo2-1.0.2.tgz",
      "integrity": "sha1-MasayLEpNjRj41s+u2n038+6eUc="
    },
    "base64-arraybuffer": {
      "version": "0.1.4",
      "resolved": "https://registry.npmjs.org/base64-arraybuffer/-/base64-arraybuffer-0.1.4.tgz",
      "integrity": "sha1-mBjHngWbE1X5fgQooBfIOOkLqBI="
    },
    "callsites": {
      "version": "3.1.0",
      "resolved": "https://registry.npmjs.org/callsites/-/callsites-3.1.0.tgz",
      "integrity": "sha512-P8BjAsXvZS+VIDUI11hHCQEv74YT67YUi5JJFNWIqL235sBmjX4+qx9Muvls5ivyNENctx46xQLQ3aTuE7ssaQ==",
      "dev": true
    },
    "combined-stream": {
      "version": "1.0.8",
      "resolved": "https://registry.npmjs.org/combined-stream/-/combined-stream-1.0.8.tgz",
      "integrity": "sha512-FQN4MRfuJeHf7cBbBMJFXhKSDq+2kAArBlmRBvcvFE5BB1HZKXtSFASDhdlz9zOYwxh8lDdnvmMOe/+5cdoEdg==",
      "dev": true,
      "requires": {
        "delayed-stream": "~1.0.0"
      }
    },
    "component-emitter": {
      "version": "1.3.0",
      "resolved": "https://registry.npmjs.org/component-emitter/-/component-emitter-1.3.0.tgz",
      "integrity": "sha512-Rd3se6QB+sO1TwqZjscQrurpEPIfO0/yYnSin6Q/rD3mOutHvUrCAhJub3r90uNb+SESBuE0QYoB90YdfatsRg=="
    },
    "debug": {
      "version": "4.3.2",
      "resolved": "https://registry.npmjs.org/debug/-/debug-4.3.2.tgz",
      "integrity": "sha512-mOp8wKcvj7XxC78zLgw/ZA+6TSgkoE2C/ienthhRD298T7UNwAg9diBpLRxC0mOezLl4B0xV7M0cCO6P/O0Xhw==",
      "requires": {
        "ms": "2.1.2"
      }
    },
    "delayed-stream": {
      "version": "1.0.0",
      "resolved": "https://registry.npmjs.org/delayed-stream/-/delayed-stream-1.0.0.tgz",
      "integrity": "sha1-3zrhmayt+31ECqrgsp4icrJOxhk=",
      "dev": true
    },
    "discord-api-types": {
      "version": "0.20.2",
      "resolved": "https://registry.npmjs.org/discord-api-types/-/discord-api-types-0.20.2.tgz",
      "integrity": "sha512-DxjFGuiJ4q5oozYcw/KqAC9dUdGu5f8JIYee073/RMkXSKTYtx2Y7n7ha9FQO7alDfVUxElzdTuWt5ByzB+QKQ==",
      "dev": true
    },
    "discord.js": {
      "version": "13.1.0",
      "resolved": "https://registry.npmjs.org/discord.js/-/discord.js-13.1.0.tgz",
      "integrity": "sha512-gxO4CXKdHpqA+WKG+f5RNnd3srTDj5uFJHgOathksDE90YNq/Qijkd2WlMgTTMS6AJoEnHxI7G9eDQHCuZ+xDA==",
      "dev": true,
      "requires": {
        "@discordjs/builders": "^0.5.0",
        "@discordjs/collection": "^0.2.1",
        "@discordjs/form-data": "^3.0.1",
        "@sapphire/async-queue": "^1.1.4",
        "@types/ws": "^7.4.7",
        "discord-api-types": "^0.22.0",
        "node-fetch": "^2.6.1",
        "ws": "^7.5.1"
      },
      "dependencies": {
        "discord-api-types": {
          "version": "0.22.0",
          "resolved": "https://registry.npmjs.org/discord-api-types/-/discord-api-types-0.22.0.tgz",
          "integrity": "sha512-l8yD/2zRbZItUQpy7ZxBJwaLX/Bs2TGaCthRppk8Sw24LOIWg12t9JEreezPoYD0SQcC2htNNo27kYEpYW/Srg==",
          "dev": true
        },
        "ws": {
          "version": "7.5.4",
          "resolved": "https://registry.npmjs.org/ws/-/ws-7.5.4.tgz",
          "integrity": "sha512-zP9z6GXm6zC27YtspwH99T3qTG7bBFv2VIkeHstMLrLlDJuzA7tQ5ls3OJ1hOGGCzTQPniNJoHXIAOS0Jljohg==",
          "dev": true,
          "requires": {}
        }
      }
    },
    "discordoo": {
      "version": "0.7.3-b",
      "resolved": "https://registry.npmjs.org/discordoo/-/discordoo-0.7.3-b.tgz",
      "integrity": "sha512-0WKugrTAYMS4AdtWrtKfsZ+AuMGV/HEZHf7pW0dshimLn+SB0aclT4pSluTrRY7A4MbonrjjTAaX/XeXdlyQMw==",
      "dev": true,
      "requires": {
        "@discordoo/collection": "^1.0.10",
        "discord-api-types": "^0.20.2",
        "node-ipc": "^9.1.4",
        "tiny-typed-emitter": "2.0.3",
        "tslib": "^2.3.0",
        "undici": "^4.3.1",
        "ws": "^7.4.5"
      }
    },
    "dot-prop": {
      "version": "6.0.1",
      "resolved": "https://registry.npmjs.org/dot-prop/-/dot-prop-6.0.1.tgz",
      "integrity": "sha512-tE7ztYzXHIeyvc7N+hR3oi7FIbf/NIjVP9hmAt3yMXzrQ072/fpjGLx2GxNxGxUl5V73MEqYzioOMoVhGMJ5cA==",
      "dev": true,
      "requires": {
        "is-obj": "^2.0.0"
      }
    },
    "easy-stack": {
      "version": "1.0.1",
      "resolved": "https://registry.npmjs.org/easy-stack/-/easy-stack-1.0.1.tgz",
      "integrity": "sha512-wK2sCs4feiiJeFXn3zvY0p41mdU5VUgbgs1rNsc/y5ngFUijdWd+iIN8eoyuZHKB8xN6BL4PdWmzqFmxNg6V2w==",
      "dev": true
    },
    "engine.io-client": {
      "version": "4.1.4",
      "resolved": "https://registry.npmjs.org/engine.io-client/-/engine.io-client-4.1.4.tgz",
      "integrity": "sha512-843fqAdKeUMFqKi1sSjnR11tJ4wi8sIefu6+JC1OzkkJBmjtc/gM/rZ53tJfu5Iae/3gApm5veoS+v+gtT0+Fg==",
      "requires": {
        "base64-arraybuffer": "0.1.4",
        "component-emitter": "~1.3.0",
        "debug": "~4.3.1",
        "engine.io-parser": "~4.0.1",
        "has-cors": "1.1.0",
        "parseqs": "0.0.6",
        "parseuri": "0.0.6",
        "ws": "~7.4.2",
        "xmlhttprequest-ssl": "~1.6.2",
        "yeast": "0.1.2"
      }
    },
    "engine.io-parser": {
      "version": "4.0.2",
      "resolved": "https://registry.npmjs.org/engine.io-parser/-/engine.io-parser-4.0.2.tgz",
      "integrity": "sha512-sHfEQv6nmtJrq6TKuIz5kyEKH/qSdK56H/A+7DnAuUPWosnIZAS2NHNcPLmyjtY3cGS/MqJdZbUjW97JU72iYg==",
      "requires": {
        "base64-arraybuffer": "0.1.4"
      }
    },
    "eris": {
      "version": "0.15.1",
      "resolved": "https://registry.npmjs.org/eris/-/eris-0.15.1.tgz",
      "integrity": "sha512-IQ3BPW6OjgFoqjdh+irPOa1jFlkotk+WNu2GQQ7QAQfbzQEPZgn+F+hpOxfMUXPHOZMX4sPKLkVDkMHAssBYhw==",
      "dev": true,
      "requires": {
        "opusscript": "^0.0.8",
        "tweetnacl": "^1.0.1",
        "ws": "^7.2.1"
      }
    },
    "event-pubsub": {
      "version": "4.3.0",
      "resolved": "https://registry.npmjs.org/event-pubsub/-/event-pubsub-4.3.0.tgz",
      "integrity": "sha512-z7IyloorXvKbFx9Bpie2+vMJKKx1fH1EN5yiTfp8CiLOTptSYy1g8H4yDpGlEdshL1PBiFtBHepF2cNsqeEeFQ==",
      "dev": true
    },
    "form-data": {
      "version": "3.0.1",
      "resolved": "https://registry.npmjs.org/form-data/-/form-data-3.0.1.tgz",
      "integrity": "sha512-RHkBKtLWUVwd7SqRIvCZMEvAMoGUp0XU+seQiZejj0COz3RI3hWP4sCv3gZWWLjJTd7rGwcsF5eKZGii0r/hbg==",
      "dev": true,
      "requires": {
        "asynckit": "^0.4.0",
        "combined-stream": "^1.0.8",
        "mime-types": "^2.1.12"
      }
    },
    "has-cors": {
      "version": "1.1.0",
      "resolved": "https://registry.npmjs.org/has-cors/-/has-cors-1.1.0.tgz",
      "integrity": "sha1-XkdHk/fqmEPRu5nCPu9J/xJv/zk="
    },
    "is-obj": {
      "version": "2.0.0",
      "resolved": "https://registry.npmjs.org/is-obj/-/is-obj-2.0.0.tgz",
      "integrity": "sha512-drqDG3cbczxxEJRoOXcOjtdp1J/lyp1mNn0xaznRs8+muBhgQcrnbspox5X5fOw0HnMnbfDzvnEMEtqDEJEo8w==",
      "dev": true
    },
    "js-message": {
      "version": "1.0.7",
      "resolved": "https://registry.npmjs.org/js-message/-/js-message-1.0.7.tgz",
      "integrity": "sha512-efJLHhLjIyKRewNS9EGZ4UpI8NguuL6fKkhRxVuMmrGV2xN/0APGdQYwLFky5w9naebSZ0OwAGp0G6/2Cg90rA==",
      "dev": true
    },
    "js-queue": {
      "version": "2.0.2",
      "resolved": "https://registry.npmjs.org/js-queue/-/js-queue-2.0.2.tgz",
      "integrity": "sha512-pbKLsbCfi7kriM3s1J4DDCo7jQkI58zPLHi0heXPzPlj0hjUsm+FesPUbE0DSbIVIK503A36aUBoCN7eMFedkA==",
      "dev": true,
      "requires": {
        "easy-stack": "^1.0.1"
      }
    },
    "lodash.isequal": {
      "version": "4.5.0",
      "resolved": "https://registry.npmjs.org/lodash.isequal/-/lodash.isequal-4.5.0.tgz",
      "integrity": "sha1-QVxEePK8wwEgwizhDtMib30+GOA=",
      "dev": true
    },
    "mime-db": {
      "version": "1.49.0",
      "resolved": "https://registry.npmjs.org/mime-db/-/mime-db-1.49.0.tgz",
      "integrity": "sha512-CIc8j9URtOVApSFCQIF+VBkX1RwXp/oMMOrqdyXSBXq5RWNEsRfyj1kiRnQgmNXmHxPoFIxOroKA3zcU9P+nAA==",
      "dev": true
    },
    "mime-types": {
      "version": "2.1.32",
      "resolved": "https://registry.npmjs.org/mime-types/-/mime-types-2.1.32.tgz",
      "integrity": "sha512-hJGaVS4G4c9TSMYh2n6SQAGrC4RnfU+daP8G7cSCmaqNjiOoUY0VHCMS42pxnQmVF1GWwFhbHWn3RIxCqTmZ9A==",
      "dev": true,
      "requires": {
        "mime-db": "1.49.0"
      }
    },
    "ms": {
      "version": "2.1.2",
      "resolved": "https://registry.npmjs.org/ms/-/ms-2.1.2.tgz",
      "integrity": "sha512-sGkPx+VjMtmA6MX27oA4FBFELFCZZ4S4XqeGOXCv68tT+jb3vk/RyaKWP0PTKyWtmLSM0b+adUTEvbs1PEaH2w=="
    },
    "node-fetch": {
      "version": "2.6.1",
      "resolved": "https://registry.npmjs.org/node-fetch/-/node-fetch-2.6.1.tgz",
      "integrity": "sha512-V4aYg89jEoVRxRb2fJdAg8FHvI7cEyYdVAh94HH0UIK8oJxUfkjlDQN9RbMx+bEjP7+ggMiFRprSti032Oipxw=="
    },
    "node-ipc": {
      "version": "9.2.1",
      "resolved": "https://registry.npmjs.org/node-ipc/-/node-ipc-9.2.1.tgz",
      "integrity": "sha512-mJzaM6O3xHf9VT8BULvJSbdVbmHUKRNOH7zDDkCrA1/T+CVjq2WVIDfLt0azZRXpgArJtl3rtmEozrbXPZ9GaQ==",
      "dev": true,
      "requires": {
        "event-pubsub": "4.3.0",
        "js-message": "1.0.7",
        "js-queue": "2.0.2"
      }
    },
    "opusscript": {
      "version": "0.0.8",
      "resolved": "https://registry.npmjs.org/opusscript/-/opusscript-0.0.8.tgz",
      "integrity": "sha512-VSTi1aWFuCkRCVq+tx/BQ5q9fMnQ9pVZ3JU4UHKqTkf0ED3fKEPdr+gKAAl3IA2hj9rrP6iyq3hlcJq3HELtNQ==",
      "dev": true,
      "optional": true
    },
    "ow": {
      "version": "0.27.0",
      "resolved": "https://registry.npmjs.org/ow/-/ow-0.27.0.tgz",
      "integrity": "sha512-SGnrGUbhn4VaUGdU0EJLMwZWSupPmF46hnTRII7aCLCrqixTAC5eKo8kI4/XXf1eaaI8YEVT+3FeGNJI9himAQ==",
      "dev": true,
      "requires": {
        "@sindresorhus/is": "^4.0.1",
        "callsites": "^3.1.0",
        "dot-prop": "^6.0.1",
        "lodash.isequal": "^4.5.0",
        "type-fest": "^1.2.1",
        "vali-date": "^1.0.0"
      }
    },
    "parseqs": {
      "version": "0.0.6",
      "resolved": "https://registry.npmjs.org/parseqs/-/parseqs-0.0.6.tgz",
      "integrity": "sha512-jeAGzMDbfSHHA091hr0r31eYfTig+29g3GKKE/PPbEQ65X0lmMwlEoqmhzu0iztID5uJpZsFlUPDP8ThPL7M8w=="
    },
    "parseuri": {
      "version": "0.0.6",
      "resolved": "https://registry.npmjs.org/parseuri/-/parseuri-0.0.6.tgz",
      "integrity": "sha512-AUjen8sAkGgao7UyCX6Ahv0gIK2fABKmYjvP4xmy5JaKvcbTRueIqIPHLAfq30xJddqSE033IOMUSOMCcK3Sow=="
    },
    "socket.io-client": {
      "version": "3.1.3",
      "resolved": "https://registry.npmjs.org/socket.io-client/-/socket.io-client-3.1.3.tgz",
      "integrity": "sha512-4sIGOGOmCg3AOgGi7EEr6ZkTZRkrXwub70bBB/F0JSkMOUFpA77WsL87o34DffQQ31PkbMUIadGOk+3tx1KGbw==",
      "requires": {
        "@types/component-emitter": "^1.2.10",
        "backo2": "~1.0.2",
        "component-emitter": "~1.3.0",
        "debug": "~4.3.1",
        "engine.io-client": "~4.1.0",
        "parseuri": "0.0.6",
        "socket.io-parser": "~4.0.4"
      }
    },
    "socket.io-parser": {
      "version": "4.0.4",
      "resolved": "https://registry.npmjs.org/socket.io-parser/-/socket.io-parser-4.0.4.tgz",
      "integrity": "sha512-t+b0SS+IxG7Rxzda2EVvyBZbvFPBCjJoyHuE0P//7OAsN23GItzDRdWa6ALxZI/8R5ygK7jAR6t028/z+7295g==",
      "requires": {
        "@types/component-emitter": "^1.2.10",
        "component-emitter": "~1.3.0",
        "debug": "~4.3.1"
      }
    },
    "tiny-typed-emitter": {
      "version": "2.0.3",
      "resolved": "https://registry.npmjs.org/tiny-typed-emitter/-/tiny-typed-emitter-2.0.3.tgz",
      "integrity": "sha512-MaCqhHlp6EAWN25yqBlajgd4scxxI2eJr7+EgoUAOV9UkMU3us/yp2bEnc2yOvyeDF8TUWuaz3zZCPGTKFJIpA==",
      "dev": true
    },
    "ts-mixer": {
      "version": "6.0.0",
      "resolved": "https://registry.npmjs.org/ts-mixer/-/ts-mixer-6.0.0.tgz",
      "integrity": "sha512-nXIb1fvdY5CBSrDIblLn73NW0qRDk5yJ0Sk1qPBF560OdJfQp9jhl+0tzcY09OZ9U+6GpeoI9RjwoIKFIoB9MQ==",
      "dev": true
    },
    "tslib": {
      "version": "2.3.1",
      "resolved": "https://registry.npmjs.org/tslib/-/tslib-2.3.1.tgz",
      "integrity": "sha512-77EbyPPpMz+FRFRuAFlWMtmgUWGe9UOG2Z25NqCwiIjRhOf5iKGuzSe5P2w1laq+FkRy4p+PCuVkJSGkzTEKVw==",
      "dev": true
    },
    "tweetnacl": {
      "version": "1.0.3",
      "resolved": "https://registry.npmjs.org/tweetnacl/-/tweetnacl-1.0.3.tgz",
      "integrity": "sha512-6rt+RN7aOi1nGMyC4Xa5DdYiukl2UWCbcJft7YhxReBGQD7OAM8Pbxw6YMo4r2diNEA8FEmu32YOn9rhaiE5yw==",
      "dev": true,
      "optional": true
    },
    "type-fest": {
      "version": "1.4.0",
      "resolved": "https://registry.npmjs.org/type-fest/-/type-fest-1.4.0.tgz",
      "integrity": "sha512-yGSza74xk0UG8k+pLh5oeoYirvIiWo5t0/o3zHHAO2tRDiZcxWP7fywNlXhqb6/r6sWvwi+RsyQMWhVLe4BVuA==",
      "dev": true
    },
    "typescript": {
      "version": "4.4.2",
      "resolved": "https://registry.npmjs.org/typescript/-/typescript-4.4.2.tgz",
      "integrity": "sha512-gzP+t5W4hdy4c+68bfcv0t400HVJMMd2+H9B7gae1nQlBzCqvrXX+6GL/b3GAgyTH966pzrZ70/fRjwAtZksSQ==",
      "dev": true
    },
    "undici": {
      "version": "4.5.1",
      "resolved": "https://registry.npmjs.org/undici/-/undici-4.5.1.tgz",
      "integrity": "sha512-1Kmphp4SMwVbSauz9xH4gxt0m3sLGs5qRHs/XYgjeO3bNSt6hspDZqMhM8+ETu9ynB5bq9e6mnwcDz+NVCQ3UQ==",
      "dev": true
    },
    "vali-date": {
      "version": "1.0.0",
      "resolved": "https://registry.npmjs.org/vali-date/-/vali-date-1.0.0.tgz",
      "integrity": "sha1-G5BKWWCfsyjvB4E4Qgk09rhnCaY=",
      "dev": true
    },
    "ws": {
      "version": "7.4.6",
      "resolved": "https://registry.npmjs.org/ws/-/ws-7.4.6.tgz",
      "integrity": "sha512-YmhHDO4MzaDLB+M9ym/mDA5z0naX8j7SIlT8f8z+I0VtzsRbekxEutHSme7NPS2qE8StCYQNUnfWdXta/Yu85A==",
      "requires": {}
    },
    "xmlhttprequest-ssl": {
      "version": "1.6.3",
      "resolved": "https://registry.npmjs.org/xmlhttprequest-ssl/-/xmlhttprequest-ssl-1.6.3.tgz",
      "integrity": "sha512-3XfeQE/wNkvrIktn2Kf0869fC0BN6UpydVasGIeSm2B1Llihf7/0UfZM+eCkOw3P7bP4+qPgqhm7ZoxuJtFU0Q=="
    },
    "yeast": {
      "version": "0.1.2",
      "resolved": "https://registry.npmjs.org/yeast/-/yeast-0.1.2.tgz",
      "integrity": "sha1-AI4G2AlDIMNy28L47XagymyKxBk="
    }
  }
}
